
Microsoft Visual Studio Solution File, Format Version 12.00
# Visual Studio 15
VisualStudioVersion = 15.0.26730.10
MinimumVisualStudioVersion = 10.0.40219.1
Project("{F2A71F9B-5D33-465A-A702-920D77279786}") = "CurrencyConverter", "CurrencyConverter\CurrencyConverter.fsproj", "{F44F097F-477C-428F-BA2E-F51AAC904F71}"
EndProject
Project("{F2A71F9B-5D33-465A-A702-920D77279786}") = "CurrencyConverter.Android", "CurrencyConverter.Android\CurrencyConverter.Android.fsproj", "{A0F9075E-5D9A-4AC7-AD87-AD1F0B359FF1}"
EndProject
Project("{F2A71F9B-5D33-465A-A702-920D77279786}") = "CurrencyConverter.iOS", "CurrencyConverter.iOS\CurrencyConverter.iOS.fsproj", "{8B5CF213-D07F-42EA-BEE1-47E373C0B77B}"
EndProject
Global
	GlobalSection(SolutionConfigurationPlatforms) = preSolution
		Ad-Hoc|Any CPU = Ad-Hoc|Any CPU
		Ad-Hoc|ARM = Ad-Hoc|ARM
		Ad-Hoc|iPhone = Ad-Hoc|iPhone
		Ad-Hoc|iPhoneSimulator = Ad-Hoc|iPhoneSimulator
		Ad-Hoc|x64 = Ad-Hoc|x64
		Ad-Hoc|x86 = Ad-Hoc|x86
		AppStore|Any CPU = AppStore|Any CPU
		AppStore|ARM = AppStore|ARM
		AppStore|iPhone = AppStore|iPhone
		AppStore|iPhoneSimulator = AppStore|iPhoneSimulator
		AppStore|x64 = AppStore|x64
		AppStore|x86 = AppStore|x86
		Debug|Any CPU = Debug|Any CPU
		Debug|ARM = Debug|ARM
		Debug|iPhone = Debug|iPhone
		Debug|iPhoneSimulator = Debug|iPhoneSimulator
		Debug|x64 = Debug|x64
		Debug|x86 = Debug|x86
		Release|Any CPU = Release|Any CPU
		Release|ARM = Release|ARM
		Release|iPhone = Release|iPhone
		Release|iPhoneSimulator = Release|iPhoneSimulator
		Release|x64 = Release|x64
		Release|x86 = Release|x86
	EndGlobalSection
	GlobalSection(ProjectConfigurationPlatforms) = postSolution
		{F44F097F-477C-428F-BA2E-F51AAC904F71}.Ad-Hoc|Any CPU.ActiveCfg = Debug|Any CPU
		{F44F097F-477C-428F-BA2E-F51AAC904F71}.Ad-Hoc|Any CPU.Build.0 = Debug|Any CPU
		{F44F097F-477C-428F-BA2E-F51AAC904F71}.Ad-Hoc|ARM.ActiveCfg = Debug|Any CPU
		{F44F097F-477C-428F-BA2E-F51AAC904F71}.Ad-Hoc|ARM.Build.0 = Debug|Any CPU
		{F44F097F-477C-428F-BA2E-F51AAC904F71}.Ad-Hoc|iPhone.ActiveCfg = Debug|Any CPU
		{F44F097F-477C-428F-BA2E-F51AAC904F71}.Ad-Hoc|iPhone.Build.0 = Debug|Any CPU
		{F44F097F-477C-428F-BA2E-F51AAC904F71}.Ad-Hoc|iPhoneSimulator.ActiveCfg = Debug|Any CPU
		{F44F097F-477C-428F-BA2E-F51AAC904F71}.Ad-Hoc|iPhoneSimulator.Build.0 = Debug|Any CPU
		{F44F097F-477C-428F-BA2E-F51AAC904F71}.Ad-Hoc|x64.ActiveCfg = Debug|Any CPU
		{F44F097F-477C-428F-BA2E-F51AAC904F71}.Ad-Hoc|x64.Build.0 = Debug|Any CPU
		{F44F097F-477C-428F-BA2E-F51AAC904F71}.Ad-Hoc|x86.ActiveCfg = Debug|Any CPU
		{F44F097F-477C-428F-BA2E-F51AAC904F71}.Ad-Hoc|x86.Build.0 = Debug|Any CPU
		{F44F097F-477C-428F-BA2E-F51AAC904F71}.AppStore|Any CPU.ActiveCfg = Debug|Any CPU
		{F44F097F-477C-428F-BA2E-F51AAC904F71}.AppStore|Any CPU.Build.0 = Debug|Any CPU
		{F44F097F-477C-428F-BA2E-F51AAC904F71}.AppStore|ARM.ActiveCfg = Debug|Any CPU
		{F44F097F-477C-428F-BA2E-F51AAC904F71}.AppStore|ARM.Build.0 = Debug|Any CPU
		{F44F097F-477C-428F-BA2E-F51AAC904F71}.AppStore|iPhone.ActiveCfg = Debug|Any CPU
		{F44F097F-477C-428F-BA2E-F51AAC904F71}.AppStore|iPhone.Build.0 = Debug|Any CPU
		{F44F097F-477C-428F-BA2E-F51AAC904F71}.AppStore|iPhoneSimulator.ActiveCfg = Debug|Any CPU
		{F44F097F-477C-428F-BA2E-F51AAC904F71}.AppStore|iPhoneSimulator.Build.0 = Debug|Any CPU
		{F44F097F-477C-428F-BA2E-F51AAC904F71}.AppStore|x64.ActiveCfg = Debug|Any CPU
		{F44F097F-477C-428F-BA2E-F51AAC904F71}.AppStore|x64.Build.0 = Debug|Any CPU
		{F44F097F-477C-428F-BA2E-F51AAC904F71}.AppStore|x86.ActiveCfg = Debug|Any CPU
		{F44F097F-477C-428F-BA2E-F51AAC904F71}.AppStore|x86.Build.0 = Debug|Any CPU
		{F44F097F-477C-428F-BA2E-F51AAC904F71}.Debug|Any CPU.ActiveCfg = Debug|Any CPU
		{F44F097F-477C-428F-BA2E-F51AAC904F71}.Debug|Any CPU.Build.0 = Debug|Any CPU
		{F44F097F-477C-428F-BA2E-F51AAC904F71}.Debug|ARM.ActiveCfg = Debug|Any CPU
		{F44F097F-477C-428F-BA2E-F51AAC904F71}.Debug|ARM.Build.0 = Debug|Any CPU
		{F44F097F-477C-428F-BA2E-F51AAC904F71}.Debug|iPhone.ActiveCfg = Debug|Any CPU
		{F44F097F-477C-428F-BA2E-F51AAC904F71}.Debug|iPhone.Build.0 = Debug|Any CPU
		{F44F097F-477C-428F-BA2E-F51AAC904F71}.Debug|iPhoneSimulator.ActiveCfg = Debug|Any CPU
		{F44F097F-477C-428F-BA2E-F51AAC904F71}.Debug|iPhoneSimulator.Build.0 = Debug|Any CPU
		{F44F097F-477C-428F-BA2E-F51AAC904F71}.Debug|x64.ActiveCfg = Debug|Any CPU
		{F44F097F-477C-428F-BA2E-F51AAC904F71}.Debug|x64.Build.0 = Debug|Any CPU
		{F44F097F-477C-428F-BA2E-F51AAC904F71}.Debug|x86.ActiveCfg = Debug|Any CPU
		{F44F097F-477C-428F-BA2E-F51AAC904F71}.Debug|x86.Build.0 = Debug|Any CPU
		{F44F097F-477C-428F-BA2E-F51AAC904F71}.Release|Any CPU.ActiveCfg = Release|Any CPU
		{F44F097F-477C-428F-BA2E-F51AAC904F71}.Release|Any CPU.Build.0 = Release|Any CPU
		{F44F097F-477C-428F-BA2E-F51AAC904F71}.Release|ARM.ActiveCfg = Release|Any CPU
		{F44F097F-477C-428F-BA2E-F51AAC904F71}.Release|ARM.Build.0 = Release|Any CPU
		{F44F097F-477C-428F-BA2E-F51AAC904F71}.Release|iPhone.ActiveCfg = Release|Any CPU
		{F44F097F-477C-428F-BA2E-F51AAC904F71}.Release|iPhone.Build.0 = Release|Any CPU
		{F44F097F-477C-428F-BA2E-F51AAC904F71}.Release|iPhoneSimulator.ActiveCfg = Release|Any CPU
		{F44F097F-477C-428F-BA2E-F51AAC904F71}.Release|iPhoneSimulator.Build.0 = Release|Any CPU
		{F44F097F-477C-428F-BA2E-F51AAC904F71}.Release|x64.ActiveCfg = Release|Any CPU
		{F44F097F-477C-428F-BA2E-F51AAC904F71}.Release|x64.Build.0 = Release|Any CPU
		{F44F097F-477C-428F-BA2E-F51AAC904F71}.Release|x86.ActiveCfg = Release|Any CPU
		{F44F097F-477C-428F-BA2E-F51AAC904F71}.Release|x86.Build.0 = Release|Any CPU
		{8B5CF213-D07F-42EA-BEE1-47E373C0B77B}.Ad-Hoc|Any CPU.ActiveCfg = Ad-Hoc|iPhone
		{8B5CF213-D07F-42EA-BEE1-47E373C0B77B}.Ad-Hoc|ARM.ActiveCfg = Ad-Hoc|iPhone
		{8B5CF213-D07F-42EA-BEE1-47E373C0B77B}.Ad-Hoc|iPhone.ActiveCfg = Ad-Hoc|iPhone
		{8B5CF213-D07F-42EA-BEE1-47E373C0B77B}.Ad-Hoc|iPhone.Build.0 = Ad-Hoc|iPhone
		{8B5CF213-D07F-42EA-BEE1-47E373C0B77B}.Ad-Hoc|iPhoneSimulator.ActiveCfg = Ad-Hoc|iPhoneSimulator
		{8B5CF213-D07F-42EA-BEE1-47E373C0B77B}.Ad-Hoc|iPhoneSimulator.Build.0 = Ad-Hoc|iPhoneSimulator
		{8B5CF213-D07F-42EA-BEE1-47E373C0B77B}.Ad-Hoc|x64.ActiveCfg = Ad-Hoc|iPhone
		{8B5CF213-D07F-42EA-BEE1-47E373C0B77B}.Ad-Hoc|x86.ActiveCfg = Ad-Hoc|iPhone
		{8B5CF213-D07F-42EA-BEE1-47E373C0B77B}.AppStore|Any CPU.ActiveCfg = AppStore|iPhone
		{8B5CF213-D07F-42EA-BEE1-47E373C0B77B}.AppStore|ARM.ActiveCfg = AppStore|iPhone
		{8B5CF213-D07F-42EA-BEE1-47E373C0B77B}.AppStore|iPhone.ActiveCfg = AppStore|iPhone
		{8B5CF213-D07F-42EA-BEE1-47E373C0B77B}.AppStore|iPhone.Build.0 = AppStore|iPhone
		{8B5CF213-D07F-42EA-BEE1-47E373C0B77B}.AppStore|iPhoneSimulator.ActiveCfg = AppStore|iPhoneSimulator
		{8B5CF213-D07F-42EA-BEE1-47E373C0B77B}.AppStore|iPhoneSimulator.Build.0 = AppStore|iPhoneSimulator
		{8B5CF213-D07F-42EA-BEE1-47E373C0B77B}.AppStore|x64.ActiveCfg = AppStore|iPhone
		{8B5CF213-D07F-42EA-BEE1-47E373C0B77B}.AppStore|x86.ActiveCfg = AppStore|iPhone
		{8B5CF213-D07F-42EA-BEE1-47E373C0B77B}.Debug|Any CPU.ActiveCfg = Debug|iPhone
		{8B5CF213-D07F-42EA-BEE1-47E373C0B77B}.Debug|ARM.ActiveCfg = Debug|iPhone
		{8B5CF213-D07F-42EA-BEE1-47E373C0B77B}.Debug|iPhone.ActiveCfg = Debug|iPhone
		{8B5CF213-D07F-42EA-BEE1-47E373C0B77B}.Debug|iPhone.Build.0 = Debug|iPhone
		{8B5CF213-D07F-42EA-BEE1-47E373C0B77B}.Debug|iPhoneSimulator.ActiveCfg = Debug|iPhoneSimulator
		{8B5CF213-D07F-42EA-BEE1-47E373C0B77B}.Debug|iPhoneSimulator.Build.0 = Debug|iPhoneSimulator
		{8B5CF213-D07F-42EA-BEE1-47E373C0B77B}.Debug|x64.ActiveCfg = Debug|iPhone
		{8B5CF213-D07F-42EA-BEE1-47E373C0B77B}.Debug|x86.ActiveCfg = Debug|iPhone
		{8B5CF213-D07F-42EA-BEE1-47E373C0B77B}.Release|Any CPU.ActiveCfg = Release|iPhone
		{8B5CF213-D07F-42EA-BEE1-47E373C0B77B}.Release|ARM.ActiveCfg = Release|iPhone
		{8B5CF213-D07F-42EA-BEE1-47E373C0B77B}.Release|iPhone.ActiveCfg = Release|iPhone
		{8B5CF213-D07F-42EA-BEE1-47E373C0B77B}.Release|iPhone.Build.0 = Release|iPhone
		{8B5CF213-D07F-42EA-BEE1-47E373C0B77B}.Release|iPhoneSimulator.ActiveCfg = Release|iPhoneSimulator
		{8B5CF213-D07F-42EA-BEE1-47E373C0B77B}.Release|iPhoneSimulator.Build.0 = Release|iPhoneSimulator
		{8B5CF213-D07F-42EA-BEE1-47E373C0B77B}.Release|x64.ActiveCfg = Release|iPhone
		{8B5CF213-D07F-42EA-BEE1-47E373C0B77B}.Release|x86.ActiveCfg = Release|iPhone
		{F7131477-D750-40C4-B990-E6C81DAF1623}.Ad-Hoc|Any CPU.ActiveCfg = Release|x86
		{F7131477-D750-40C4-B990-E6C81DAF1623}.Ad-Hoc|Any CPU.Build.0 = Release|x86
		{F7131477-D750-40C4-B990-E6C81DAF1623}.Ad-Hoc|Any CPU.Deploy.0 = Release|x86
		{F7131477-D750-40C4-B990-E6C81DAF1623}.Ad-Hoc|ARM.ActiveCfg = Release|ARM
		{F7131477-D750-40C4-B990-E6C81DAF1623}.Ad-Hoc|ARM.Build.0 = Release|ARM
		{F7131477-D750-40C4-B990-E6C81DAF1623}.Ad-Hoc|ARM.Deploy.0 = Release|ARM
		{F7131477-D750-40C4-B990-E6C81DAF1623}.Ad-Hoc|iPhone.ActiveCfg = Release|x86
		{F7131477-D750-40C4-B990-E6C81DAF1623}.Ad-Hoc|iPhone.Build.0 = Release|x86
		{F7131477-D750-40C4-B990-E6C81DAF1623}.Ad-Hoc|iPhone.Deploy.0 = Release|x86
		{F7131477-D750-40C4-B990-E6C81DAF1623}.Ad-Hoc|iPhoneSimulator.ActiveCfg = Release|x86
		{F7131477-D750-40C4-B990-E6C81DAF1623}.Ad-Hoc|iPhoneSimulator.Build.0 = Release|x86
		{F7131477-D750-40C4-B990-E6C81DAF1623}.Ad-Hoc|iPhoneSimulator.Deploy.0 = Release|x86
		{F7131477-D750-40C4-B990-E6C81DAF1623}.Ad-Hoc|x64.ActiveCfg = Release|x64
		{F7131477-D750-40C4-B990-E6C81DAF1623}.Ad-Hoc|x64.Build.0 = Release|x64
		{F7131477-D750-40C4-B990-E6C81DAF1623}.Ad-Hoc|x64.Deploy.0 = Release|x64
		{F7131477-D750-40C4-B990-E6C81DAF1623}.Ad-Hoc|x86.ActiveCfg = Release|x86
		{F7131477-D750-40C4-B990-E6C81DAF1623}.Ad-Hoc|x86.Build.0 = Release|x86
		{F7131477-D750-40C4-B990-E6C81DAF1623}.Ad-Hoc|x86.Deploy.0 = Release|x86
		{F7131477-D750-40C4-B990-E6C81DAF1623}.AppStore|Any CPU.ActiveCfg = Release|x86
		{F7131477-D750-40C4-B990-E6C81DAF1623}.AppStore|Any CPU.Build.0 = Release|x86
		{F7131477-D750-40C4-B990-E6C81DAF1623}.AppStore|Any CPU.Deploy.0 = Release|x86
		{F7131477-D750-40C4-B990-E6C81DAF1623}.AppStore|ARM.ActiveCfg = Release|ARM
		{F7131477-D750-40C4-B990-E6C81DAF1623}.AppStore|ARM.Build.0 = Release|ARM
		{F7131477-D750-40C4-B990-E6C81DAF1623}.AppStore|ARM.Deploy.0 = Release|ARM
		{F7131477-D750-40C4-B990-E6C81DAF1623}.AppStore|iPhone.ActiveCfg = Release|x86
		{F7131477-D750-40C4-B990-E6C81DAF1623}.AppStore|iPhone.Build.0 = Release|x86
		{F7131477-D750-40C4-B990-E6C81DAF1623}.AppStore|iPhone.Deploy.0 = Release|x86
		{F7131477-D750-40C4-B990-E6C81DAF1623}.AppStore|iPhoneSimulator.ActiveCfg = Release|x86
		{F7131477-D750-40C4-B990-E6C81DAF1623}.AppStore|iPhoneSimulator.Build.0 = Release|x86
		{F7131477-D750-40C4-B990-E6C81DAF1623}.AppStore|iPhoneSimulator.Deploy.0 = Release|x86
		{F7131477-D750-40C4-B990-E6C81DAF1623}.AppStore|x64.ActiveCfg = Release|x64
		{F7131477-D750-40C4-B990-E6C81DAF1623}.AppStore|x64.Build.0 = Release|x64
		{F7131477-D750-40C4-B990-E6C81DAF1623}.AppStore|x64.Deploy.0 = Release|x64
		{F7131477-D750-40C4-B990-E6C81DAF1623}.AppStore|x86.ActiveCfg = Release|x86
		{F7131477-D750-40C4-B990-E6C81DAF1623}.AppStore|x86.Build.0 = Release|x86
		{F7131477-D750-40C4-B990-E6C81DAF1623}.AppStore|x86.Deploy.0 = Release|x86
		{F7131477-D750-40C4-B990-E6C81DAF1623}.Debug|Any CPU.ActiveCfg = Debug|x86
		{F7131477-D750-40C4-B990-E6C81DAF1623}.Debug|ARM.ActiveCfg = Debug|ARM
		{F7131477-D750-40C4-B990-E6C81DAF1623}.Debug|ARM.Build.0 = Debug|ARM
		{F7131477-D750-40C4-B990-E6C81DAF1623}.Debug|ARM.Deploy.0 = Debug|ARM
		{F7131477-D750-40C4-B990-E6C81DAF1623}.Debug|iPhone.ActiveCfg = Debug|x86
		{F7131477-D750-40C4-B990-E6C81DAF1623}.Debug|iPhoneSimulator.ActiveCfg = Debug|x86
		{F7131477-D750-40C4-B990-E6C81DAF1623}.Debug|x64.ActiveCfg = Debug|x64
		{F7131477-D750-40C4-B990-E6C81DAF1623}.Debug|x64.Build.0 = Debug|x64
		{F7131477-D750-40C4-B990-E6C81DAF1623}.Debug|x64.Deploy.0 = Debug|x64
		{F7131477-D750-40C4-B990-E6C81DAF1623}.Debug|x86.ActiveCfg = Debug|x86
		{F7131477-D750-40C4-B990-E6C81DAF1623}.Debug|x86.Build.0 = Debug|x86
		{F7131477-D750-40C4-B990-E6C81DAF1623}.Debug|x86.Deploy.0 = Debug|x86
		{F7131477-D750-40C4-B990-E6C81DAF1623}.Release|Any CPU.ActiveCfg = Release|x86
		{F7131477-D750-40C4-B990-E6C81DAF1623}.Release|ARM.ActiveCfg = Release|ARM
		{F7131477-D750-40C4-B990-E6C81DAF1623}.Release|ARM.Build.0 = Release|ARM
		{F7131477-D750-40C4-B990-E6C81DAF1623}.Release|ARM.Deploy.0 = Release|ARM
		{F7131477-D750-40C4-B990-E6C81DAF1623}.Release|iPhone.ActiveCfg = Release|x86
		{F7131477-D750-40C4-B990-E6C81DAF1623}.Release|iPhoneSimulator.ActiveCfg = Release|x86
		{F7131477-D750-40C4-B990-E6C81DAF1623}.Release|x64.ActiveCfg = Release|x64
		{F7131477-D750-40C4-B990-E6C81DAF1623}.Release|x64.Build.0 = Release|x64
		{F7131477-D750-40C4-B990-E6C81DAF1623}.Release|x64.Deploy.0 = Release|x64
		{F7131477-D750-40C4-B990-E6C81DAF1623}.Release|x86.ActiveCfg = Release|x86
		{F7131477-D750-40C4-B990-E6C81DAF1623}.Release|x86.Build.0 = Release|x86
		{F7131477-D750-40C4-B990-E6C81DAF1623}.Release|x86.Deploy.0 = Release|x86
		{8F887A4D-4469-4920-B12C-794810019D7C}.Ad-Hoc|Any CPU.ActiveCfg = Release|Any CPU
		{8F887A4D-4469-4920-B12C-794810019D7C}.Ad-Hoc|Any CPU.Build.0 = Release|Any CPU
		{8F887A4D-4469-4920-B12C-794810019D7C}.Ad-Hoc|ARM.ActiveCfg = Release|Any CPU
		{8F887A4D-4469-4920-B12C-794810019D7C}.Ad-Hoc|ARM.Build.0 = Release|Any CPU
		{8F887A4D-4469-4920-B12C-794810019D7C}.Ad-Hoc|iPhone.ActiveCfg = Release|Any CPU
		{8F887A4D-4469-4920-B12C-794810019D7C}.Ad-Hoc|iPhone.Build.0 = Release|Any CPU
		{8F887A4D-4469-4920-B12C-794810019D7C}.Ad-Hoc|iPhoneSimulator.ActiveCfg = Release|Any CPU
		{8F887A4D-4469-4920-B12C-794810019D7C}.Ad-Hoc|iPhoneSimulator.Build.0 = Release|Any CPU
		{8F887A4D-4469-4920-B12C-794810019D7C}.Ad-Hoc|x64.ActiveCfg = Release|Any CPU
		{8F887A4D-4469-4920-B12C-794810019D7C}.Ad-Hoc|x64.Build.0 = Release|Any CPU
		{8F887A4D-4469-4920-B12C-794810019D7C}.Ad-Hoc|x86.ActiveCfg = Release|Any CPU
		{8F887A4D-4469-4920-B12C-794810019D7C}.Ad-Hoc|x86.Build.0 = Release|Any CPU
		{8F887A4D-4469-4920-B12C-794810019D7C}.AppStore|Any CPU.ActiveCfg = Release|Any CPU
		{8F887A4D-4469-4920-B12C-794810019D7C}.AppStore|Any CPU.Build.0 = Release|Any CPU
		{8F887A4D-4469-4920-B12C-794810019D7C}.AppStore|ARM.ActiveCfg = Release|Any CPU
		{8F887A4D-4469-4920-B12C-794810019D7C}.AppStore|ARM.Build.0 = Release|Any CPU
		{8F887A4D-4469-4920-B12C-794810019D7C}.AppStore|iPhone.ActiveCfg = Release|Any CPU
		{8F887A4D-4469-4920-B12C-794810019D7C}.AppStore|iPhone.Build.0 = Release|Any CPU
		{8F887A4D-4469-4920-B12C-794810019D7C}.AppStore|iPhoneSimulator.ActiveCfg = Release|Any CPU
		{8F887A4D-4469-4920-B12C-794810019D7C}.AppStore|iPhoneSimulator.Build.0 = Release|Any CPU
		{8F887A4D-4469-4920-B12C-794810019D7C}.AppStore|x64.ActiveCfg = Release|Any CPU
		{8F887A4D-4469-4920-B12C-794810019D7C}.AppStore|x64.Build.0 = Release|Any CPU
		{8F887A4D-4469-4920-B12C-794810019D7C}.AppStore|x86.ActiveCfg = Release|Any CPU
		{8F887A4D-4469-4920-B12C-794810019D7C}.AppStore|x86.Build.0 = Release|Any CPU
		{8F887A4D-4469-4920-B12C-794810019D7C}.Debug|Any CPU.ActiveCfg = Debug|Any CPU
		{8F887A4D-4469-4920-B12C-794810019D7C}.Debug|Any CPU.Build.0 = Debug|Any CPU
		{8F887A4D-4469-4920-B12C-794810019D7C}.Debug|ARM.ActiveCfg = Debug|Any CPU
		{8F887A4D-4469-4920-B12C-794810019D7C}.Debug|ARM.Build.0 = Debug|Any CPU
		{8F887A4D-4469-4920-B12C-794810019D7C}.Debug|iPhone.ActiveCfg = Debug|Any CPU
		{8F887A4D-4469-4920-B12C-794810019D7C}.Debug|iPhone.Build.0 = Debug|Any CPU
		{8F887A4D-4469-4920-B12C-794810019D7C}.Debug|iPhoneSimulator.ActiveCfg = Debug|Any CPU
		{8F887A4D-4469-4920-B12C-794810019D7C}.Debug|iPhoneSimulator.Build.0 = Debug|Any CPU
		{8F887A4D-4469-4920-B12C-794810019D7C}.Debug|x64.ActiveCfg = Debug|Any CPU
		{8F887A4D-4469-4920-B12C-794810019D7C}.Debug|x64.Build.0 = Debug|Any CPU
		{8F887A4D-4469-4920-B12C-794810019D7C}.Debug|x86.ActiveCfg = Debug|Any CPU
		{8F887A4D-4469-4920-B12C-794810019D7C}.Debug|x86.Build.0 = Debug|Any CPU
		{8F887A4D-4469-4920-B12C-794810019D7C}.Release|Any CPU.ActiveCfg = Release|Any CPU
		{8F887A4D-4469-4920-B12C-794810019D7C}.Release|Any CPU.Build.0 = Release|Any CPU
		{8F887A4D-4469-4920-B12C-794810019D7C}.Release|ARM.ActiveCfg = Release|Any CPU
		{8F887A4D-4469-4920-B12C-794810019D7C}.Release|ARM.Build.0 = Release|Any CPU
		{8F887A4D-4469-4920-B12C-794810019D7C}.Release|iPhone.ActiveCfg = Release|Any CPU
		{8F887A4D-4469-4920-B12C-794810019D7C}.Release|iPhone.Build.0 = Release|Any CPU
		{8F887A4D-4469-4920-B12C-794810019D7C}.Release|iPhoneSimulator.ActiveCfg = Release|Any CPU
		{8F887A4D-4469-4920-B12C-794810019D7C}.Release|iPhoneSimulator.Build.0 = Release|Any CPU
		{8F887A4D-4469-4920-B12C-794810019D7C}.Release|x64.ActiveCfg = Release|Any CPU
		{8F887A4D-4469-4920-B12C-794810019D7C}.Release|x64.Build.0 = Release|Any CPU
		{8F887A4D-4469-4920-B12C-794810019D7C}.Release|x86.ActiveCfg = Release|Any CPU
		{8F887A4D-4469-4920-B12C-794810019D7C}.Release|x86.Build.0 = Release|Any CPU
		{2026700D-B330-488B-A753-0CA6C579FE9E}.Ad-Hoc|Any CPU.ActiveCfg = Release|Any CPU
		{2026700D-B330-488B-A753-0CA6C579FE9E}.Ad-Hoc|Any CPU.Build.0 = Release|Any CPU
		{2026700D-B330-488B-A753-0CA6C579FE9E}.Ad-Hoc|ARM.ActiveCfg = Release|Any CPU
		{2026700D-B330-488B-A753-0CA6C579FE9E}.Ad-Hoc|ARM.Build.0 = Release|Any CPU
		{2026700D-B330-488B-A753-0CA6C579FE9E}.Ad-Hoc|iPhone.ActiveCfg = Release|Any CPU
		{2026700D-B330-488B-A753-0CA6C579FE9E}.Ad-Hoc|iPhone.Build.0 = Release|Any CPU
		{2026700D-B330-488B-A753-0CA6C579FE9E}.Ad-Hoc|iPhoneSimulator.ActiveCfg = Release|Any CPU
		{2026700D-B330-488B-A753-0CA6C579FE9E}.Ad-Hoc|iPhoneSimulator.Build.0 = Release|Any CPU
		{2026700D-B330-488B-A753-0CA6C579FE9E}.Ad-Hoc|x64.ActiveCfg = Release|Any CPU
		{2026700D-B330-488B-A753-0CA6C579FE9E}.Ad-Hoc|x64.Build.0 = Release|Any CPU
		{2026700D-B330-488B-A753-0CA6C579FE9E}.Ad-Hoc|x86.ActiveCfg = Release|Any CPU
		{2026700D-B330-488B-A753-0CA6C579FE9E}.Ad-Hoc|x86.Build.0 = Release|Any CPU
		{2026700D-B330-488B-A753-0CA6C579FE9E}.AppStore|Any CPU.ActiveCfg = Release|Any CPU
		{2026700D-B330-488B-A753-0CA6C579FE9E}.AppStore|Any CPU.Build.0 = Release|Any CPU
		{2026700D-B330-488B-A753-0CA6C579FE9E}.AppStore|ARM.ActiveCfg = Release|Any CPU
		{2026700D-B330-488B-A753-0CA6C579FE9E}.AppStore|ARM.Build.0 = Release|Any CPU
		{2026700D-B330-488B-A753-0CA6C579FE9E}.AppStore|iPhone.ActiveCfg = Release|Any CPU
		{2026700D-B330-488B-A753-0CA6C579FE9E}.AppStore|iPhone.Build.0 = Release|Any CPU
		{2026700D-B330-488B-A753-0CA6C579FE9E}.AppStore|iPhoneSimulator.ActiveCfg = Release|Any CPU
		{2026700D-B330-488B-A753-0CA6C579FE9E}.AppStore|iPhoneSimulator.Build.0 = Release|Any CPU
		{2026700D-B330-488B-A753-0CA6C579FE9E}.AppStore|x64.ActiveCfg = Release|Any CPU
		{2026700D-B330-488B-A753-0CA6C579FE9E}.AppStore|x64.Build.0 = Release|Any CPU
		{2026700D-B330-488B-A753-0CA6C579FE9E}.AppStore|x86.ActiveCfg = Release|Any CPU
		{2026700D-B330-488B-A753-0CA6C579FE9E}.AppStore|x86.Build.0 = Release|Any CPU
		{2026700D-B330-488B-A753-0CA6C579FE9E}.Debug|Any CPU.ActiveCfg = Debug|Any CPU
		{2026700D-B330-488B-A753-0CA6C579FE9E}.Debug|Any CPU.Build.0 = Debug|Any CPU
		{2026700D-B330-488B-A753-0CA6C579FE9E}.Debug|ARM.ActiveCfg = Debug|Any CPU
		{2026700D-B330-488B-A753-0CA6C579FE9E}.Debug|ARM.Build.0 = Debug|Any CPU
		{2026700D-B330-488B-A753-0CA6C579FE9E}.Debug|iPhone.ActiveCfg = Debug|Any CPU
		{2026700D-B330-488B-A753-0CA6C579FE9E}.Debug|iPhone.Build.0 = Debug|Any CPU
		{2026700D-B330-488B-A753-0CA6C579FE9E}.Debug|iPhoneSimulator.ActiveCfg = Debug|Any CPU
		{2026700D-B330-488B-A753-0CA6C579FE9E}.Debug|iPhoneSimulator.Build.0 = Debug|Any CPU
		{2026700D-B330-488B-A753-0CA6C579FE9E}.Debug|x64.ActiveCfg = Debug|Any CPU
		{2026700D-B330-488B-A753-0CA6C579FE9E}.Debug|x64.Build.0 = Debug|Any CPU
		{2026700D-B330-488B-A753-0CA6C579FE9E}.Debug|x86.ActiveCfg = Debug|Any CPU
		{2026700D-B330-488B-A753-0CA6C579FE9E}.Debug|x86.Build.0 = Debug|Any CPU
		{2026700D-B330-488B-A753-0CA6C579FE9E}.Release|Any CPU.ActiveCfg = Release|Any CPU
		{2026700D-B330-488B-A753-0CA6C579FE9E}.Release|Any CPU.Build.0 = Release|Any CPU
		{2026700D-B330-488B-A753-0CA6C579FE9E}.Release|ARM.ActiveCfg = Release|Any CPU
		{2026700D-B330-488B-A753-0CA6C579FE9E}.Release|ARM.Build.0 = Release|Any CPU
		{2026700D-B330-488B-A753-0CA6C579FE9E}.Release|iPhone.ActiveCfg = Release|Any CPU
		{2026700D-B330-488B-A753-0CA6C579FE9E}.Release|iPhone.Build.0 = Release|Any CPU
		{2026700D-B330-488B-A753-0CA6C579FE9E}.Release|iPhoneSimulator.ActiveCfg = Release|Any CPU
		{2026700D-B330-488B-A753-0CA6C579FE9E}.Release|iPhoneSimulator.Build.0 = Release|Any CPU
		{2026700D-B330-488B-A753-0CA6C579FE9E}.Release|x64.ActiveCfg = Release|Any CPU
		{2026700D-B330-488B-A753-0CA6C579FE9E}.Release|x64.Build.0 = Release|Any CPU
		{2026700D-B330-488B-A753-0CA6C579FE9E}.Release|x86.ActiveCfg = Release|Any CPU
		{2026700D-B330-488B-A753-0CA6C579FE9E}.Release|x86.Build.0 = Release|Any CPU
		{A0F9075E-5D9A-4AC7-AD87-AD1F0B359FF1}.Ad-Hoc|Any CPU.ActiveCfg = Release|Any CPU
		{A0F9075E-5D9A-4AC7-AD87-AD1F0B359FF1}.Ad-Hoc|Any CPU.Build.0 = Release|Any CPU
		{A0F9075E-5D9A-4AC7-AD87-AD1F0B359FF1}.Ad-Hoc|ARM.ActiveCfg = Release|Any CPU
		{A0F9075E-5D9A-4AC7-AD87-AD1F0B359FF1}.Ad-Hoc|ARM.Build.0 = Release|Any CPU
		{A0F9075E-5D9A-4AC7-AD87-AD1F0B359FF1}.Ad-Hoc|iPhone.ActiveCfg = Release|Any CPU
		{A0F9075E-5D9A-4AC7-AD87-AD1F0B359FF1}.Ad-Hoc|iPhone.Build.0 = Release|Any CPU
		{A0F9075E-5D9A-4AC7-AD87-AD1F0B359FF1}.Ad-Hoc|iPhoneSimulator.ActiveCfg = Release|Any CPU
		{A0F9075E-5D9A-4AC7-AD87-AD1F0B359FF1}.Ad-Hoc|iPhoneSimulator.Build.0 = Release|Any CPU
		{A0F9075E-5D9A-4AC7-AD87-AD1F0B359FF1}.Ad-Hoc|x64.ActiveCfg = Release|Any CPU
		{A0F9075E-5D9A-4AC7-AD87-AD1F0B359FF1}.Ad-Hoc|x64.Build.0 = Release|Any CPU
		{A0F9075E-5D9A-4AC7-AD87-AD1F0B359FF1}.Ad-Hoc|x86.ActiveCfg = Release|Any CPU
		{A0F9075E-5D9A-4AC7-AD87-AD1F0B359FF1}.Ad-Hoc|x86.Build.0 = Release|Any CPU
		{A0F9075E-5D9A-4AC7-AD87-AD1F0B359FF1}.AppStore|Any CPU.ActiveCfg = Release|Any CPU
		{A0F9075E-5D9A-4AC7-AD87-AD1F0B359FF1}.AppStore|Any CPU.Build.0 = Release|Any CPU
		{A0F9075E-5D9A-4AC7-AD87-AD1F0B359FF1}.AppStore|ARM.ActiveCfg = Release|Any CPU
		{A0F9075E-5D9A-4AC7-AD87-AD1F0B359FF1}.AppStore|ARM.Build.0 = Release|Any CPU
		{A0F9075E-5D9A-4AC7-AD87-AD1F0B359FF1}.AppStore|iPhone.ActiveCfg = Release|Any CPU
		{A0F9075E-5D9A-4AC7-AD87-AD1F0B359FF1}.AppStore|iPhone.Build.0 = Release|Any CPU
		{A0F9075E-5D9A-4AC7-AD87-AD1F0B359FF1}.AppStore|iPhoneSimulator.ActiveCfg = Release|Any CPU
		{A0F9075E-5D9A-4AC7-AD87-AD1F0B359FF1}.AppStore|iPhoneSimulator.Build.0 = Release|Any CPU
		{A0F9075E-5D9A-4AC7-AD87-AD1F0B359FF1}.AppStore|x64.ActiveCfg = Release|Any CPU
		{A0F9075E-5D9A-4AC7-AD87-AD1F0B359FF1}.AppStore|x64.Build.0 = Release|Any CPU
		{A0F9075E-5D9A-4AC7-AD87-AD1F0B359FF1}.AppStore|x86.ActiveCfg = Release|Any CPU
		{A0F9075E-5D9A-4AC7-AD87-AD1F0B359FF1}.AppStore|x86.Build.0 = Release|Any CPU
		{A0F9075E-5D9A-4AC7-AD87-AD1F0B359FF1}.Debug|Any CPU.ActiveCfg = Debug|Any CPU
		{A0F9075E-5D9A-4AC7-AD87-AD1F0B359FF1}.Debug|Any CPU.Build.0 = Debug|Any CPU
		{A0F9075E-5D9A-4AC7-AD87-AD1F0B359FF1}.Debug|Any CPU.Deploy.0 = Debug|Any CPU
		{A0F9075E-5D9A-4AC7-AD87-AD1F0B359FF1}.Debug|ARM.ActiveCfg = Debug|Any CPU
		{A0F9075E-5D9A-4AC7-AD87-AD1F0B359FF1}.Debug|ARM.Build.0 = Debug|Any CPU
		{A0F9075E-5D9A-4AC7-AD87-AD1F0B359FF1}.Debug|iPhone.ActiveCfg = Debug|Any CPU
		{A0F9075E-5D9A-4AC7-AD87-AD1F0B359FF1}.Debug|iPhone.Build.0 = Debug|Any CPU
		{A0F9075E-5D9A-4AC7-AD87-AD1F0B359FF1}.Debug|iPhoneSimulator.ActiveCfg = Debug|Any CPU
		{A0F9075E-5D9A-4AC7-AD87-AD1F0B359FF1}.Debug|iPhoneSimulator.Build.0 = Debug|Any CPU
		{A0F9075E-5D9A-4AC7-AD87-AD1F0B359FF1}.Debug|x64.ActiveCfg = Debug|Any CPU
		{A0F9075E-5D9A-4AC7-AD87-AD1F0B359FF1}.Debug|x64.Build.0 = Debug|Any CPU
		{A0F9075E-5D9A-4AC7-AD87-AD1F0B359FF1}.Debug|x86.ActiveCfg = Debug|Any CPU
		{A0F9075E-5D9A-4AC7-AD87-AD1F0B359FF1}.Debug|x86.Build.0 = Debug|Any CPU
		{A0F9075E-5D9A-4AC7-AD87-AD1F0B359FF1}.Release|Any CPU.ActiveCfg = Release|Any CPU
		{A0F9075E-5D9A-4AC7-AD87-AD1F0B359FF1}.Release|Any CPU.Build.0 = Release|Any CPU
		{A0F9075E-5D9A-4AC7-AD87-AD1F0B359FF1}.Release|Any CPU.Deploy.0 = Release|Any CPU
		{A0F9075E-5D9A-4AC7-AD87-AD1F0B359FF1}.Release|ARM.ActiveCfg = Release|Any CPU
		{A0F9075E-5D9A-4AC7-AD87-AD1F0B359FF1}.Release|ARM.Build.0 = Release|Any CPU
		{A0F9075E-5D9A-4AC7-AD87-AD1F0B359FF1}.Release|iPhone.ActiveCfg = Release|Any CPU
		{A0F9075E-5D9A-4AC7-AD87-AD1F0B359FF1}.Release|iPhone.Build.0 = Release|Any CPU
		{A0F9075E-5D9A-4AC7-AD87-AD1F0B359FF1}.Release|iPhoneSimulator.ActiveCfg = Release|Any CPU
		{A0F9075E-5D9A-4AC7-AD87-AD1F0B359FF1}.Release|iPhoneSimulator.Build.0 = Release|Any CPU
		{A0F9075E-5D9A-4AC7-AD87-AD1F0B359FF1}.Release|x64.ActiveCfg = Release|Any CPU
		{A0F9075E-5D9A-4AC7-AD87-AD1F0B359FF1}.Release|x64.Build.0 = Release|Any CPU
		{A0F9075E-5D9A-4AC7-AD87-AD1F0B359FF1}.Release|x86.ActiveCfg = Release|Any CPU
		{A0F9075E-5D9A-4AC7-AD87-AD1F0B359FF1}.Release|x86.Build.0 = Release|Any CPU
		{1947B13F-BFF2-4C83-AF12-69F8800851E6}.Ad-Hoc|Any CPU.ActiveCfg = Release|Any CPU
		{1947B13F-BFF2-4C83-AF12-69F8800851E6}.Ad-Hoc|Any CPU.Build.0 = Release|Any CPU
		{1947B13F-BFF2-4C83-AF12-69F8800851E6}.Ad-Hoc|ARM.ActiveCfg = Release|Any CPU
		{1947B13F-BFF2-4C83-AF12-69F8800851E6}.Ad-Hoc|ARM.Build.0 = Release|Any CPU
		{1947B13F-BFF2-4C83-AF12-69F8800851E6}.Ad-Hoc|iPhone.ActiveCfg = Release|Any CPU
		{1947B13F-BFF2-4C83-AF12-69F8800851E6}.Ad-Hoc|iPhone.Build.0 = Release|Any CPU
		{1947B13F-BFF2-4C83-AF12-69F8800851E6}.Ad-Hoc|iPhoneSimulator.ActiveCfg = Release|Any CPU
		{1947B13F-BFF2-4C83-AF12-69F8800851E6}.Ad-Hoc|iPhoneSimulator.Build.0 = Release|Any CPU
		{1947B13F-BFF2-4C83-AF12-69F8800851E6}.Ad-Hoc|x64.ActiveCfg = Release|Any CPU
		{1947B13F-BFF2-4C83-AF12-69F8800851E6}.Ad-Hoc|x64.Build.0 = Release|Any CPU
		{1947B13F-BFF2-4C83-AF12-69F8800851E6}.Ad-Hoc|x86.ActiveCfg = Release|Any CPU
		{1947B13F-BFF2-4C83-AF12-69F8800851E6}.Ad-Hoc|x86.Build.0 = Release|Any CPU
		{1947B13F-BFF2-4C83-AF12-69F8800851E6}.AppStore|Any CPU.ActiveCfg = Release|Any CPU
		{1947B13F-BFF2-4C83-AF12-69F8800851E6}.AppStore|Any CPU.Build.0 = Release|Any CPU
		{1947B13F-BFF2-4C83-AF12-69F8800851E6}.AppStore|ARM.ActiveCfg = Release|Any CPU
		{1947B13F-BFF2-4C83-AF12-69F8800851E6}.AppStore|ARM.Build.0 = Release|Any CPU
		{1947B13F-BFF2-4C83-AF12-69F8800851E6}.AppStore|iPhone.ActiveCfg = Release|Any CPU
		{1947B13F-BFF2-4C83-AF12-69F8800851E6}.AppStore|iPhone.Build.0 = Release|Any CPU
		{1947B13F-BFF2-4C83-AF12-69F8800851E6}.AppStore|iPhoneSimulator.ActiveCfg = Release|Any CPU
		{1947B13F-BFF2-4C83-AF12-69F8800851E6}.AppStore|iPhoneSimulator.Build.0 = Release|Any CPU
		{1947B13F-BFF2-4C83-AF12-69F8800851E6}.AppStore|x64.ActiveCfg = Release|Any CPU
		{1947B13F-BFF2-4C83-AF12-69F8800851E6}.AppStore|x64.Build.0 = Release|Any CPU
		{1947B13F-BFF2-4C83-AF12-69F8800851E6}.AppStore|x86.ActiveCfg = Release|Any CPU
		{1947B13F-BFF2-4C83-AF12-69F8800851E6}.AppStore|x86.Build.0 = Release|Any CPU
		{1947B13F-BFF2-4C83-AF12-69F8800851E6}.Debug|Any CPU.ActiveCfg = Debug|Any CPU
		{1947B13F-BFF2-4C83-AF12-69F8800851E6}.Debug|Any CPU.Build.0 = Debug|Any CPU
		{1947B13F-BFF2-4C83-AF12-69F8800851E6}.Debug|ARM.ActiveCfg = Debug|Any CPU
		{1947B13F-BFF2-4C83-AF12-69F8800851E6}.Debug|ARM.Build.0 = Debug|Any CPU
		{1947B13F-BFF2-4C83-AF12-69F8800851E6}.Debug|iPhone.ActiveCfg = Debug|Any CPU
		{1947B13F-BFF2-4C83-AF12-69F8800851E6}.Debug|iPhone.Build.0 = Debug|Any CPU
		{1947B13F-BFF2-4C83-AF12-69F8800851E6}.Debug|iPhoneSimulator.ActiveCfg = Debug|Any CPU
		{1947B13F-BFF2-4C83-AF12-69F8800851E6}.Debug|iPhoneSimulator.Build.0 = Debug|Any CPU
		{1947B13F-BFF2-4C83-AF12-69F8800851E6}.Debug|x64.ActiveCfg = Debug|Any CPU
		{1947B13F-BFF2-4C83-AF12-69F8800851E6}.Debug|x64.Build.0 = Debug|Any CPU
		{1947B13F-BFF2-4C83-AF12-69F8800851E6}.Debug|x86.ActiveCfg = Debug|Any CPU
		{1947B13F-BFF2-4C83-AF12-69F8800851E6}.Debug|x86.Build.0 = Debug|Any CPU
		{1947B13F-BFF2-4C83-AF12-69F8800851E6}.Release|Any CPU.ActiveCfg = Release|Any CPU
		{1947B13F-BFF2-4C83-AF12-69F8800851E6}.Release|Any CPU.Build.0 = Release|Any CPU
		{1947B13F-BFF2-4C83-AF12-69F8800851E6}.Release|ARM.ActiveCfg = Release|Any CPU
		{1947B13F-BFF2-4C83-AF12-69F8800851E6}.Release|ARM.Build.0 = Release|Any CPU
		{1947B13F-BFF2-4C83-AF12-69F8800851E6}.Release|iPhone.ActiveCfg = Release|Any CPU
		{1947B13F-BFF2-4C83-AF12-69F8800851E6}.Release|iPhone.Build.0 = Release|Any CPU
		{1947B13F-BFF2-4C83-AF12-69F8800851E6}.Release|iPhoneSimulator.ActiveCfg = Release|Any CPU
		{1947B13F-BFF2-4C83-AF12-69F8800851E6}.Release|iPhoneSimulator.Build.0 = Release|Any CPU
		{1947B13F-BFF2-4C83-AF12-69F8800851E6}.Release|x64.ActiveCfg = Release|Any CPU
		{1947B13F-BFF2-4C83-AF12-69F8800851E6}.Release|x64.Build.0 = Release|Any CPU
		{1947B13F-BFF2-4C83-AF12-69F8800851E6}.Release|x86.ActiveCfg = Release|Any CPU
		{1947B13F-BFF2-4C83-AF12-69F8800851E6}.Release|x86.Build.0 = Release|Any CPU
		{EBFBC553-D98D-48EC-8B55-9B63DD7A5734}.Ad-Hoc|Any CPU.ActiveCfg = Release|x64
		{EBFBC553-D98D-48EC-8B55-9B63DD7A5734}.Ad-Hoc|Any CPU.Build.0 = Release|x64
		{EBFBC553-D98D-48EC-8B55-9B63DD7A5734}.Ad-Hoc|Any CPU.Deploy.0 = Release|x64
		{EBFBC553-D98D-48EC-8B55-9B63DD7A5734}.Ad-Hoc|ARM.ActiveCfg = Release|ARM
		{EBFBC553-D98D-48EC-8B55-9B63DD7A5734}.Ad-Hoc|ARM.Build.0 = Release|ARM
		{EBFBC553-D98D-48EC-8B55-9B63DD7A5734}.Ad-Hoc|ARM.Deploy.0 = Release|ARM
		{EBFBC553-D98D-48EC-8B55-9B63DD7A5734}.Ad-Hoc|ARM64.ActiveCfg = Release|ARM64
		{EBFBC553-D98D-48EC-8B55-9B63DD7A5734}.Ad-Hoc|ARM64.Build.0 = Release|ARM64
		{EBFBC553-D98D-48EC-8B55-9B63DD7A5734}.Ad-Hoc|ARM64.Deploy.0 = Release|ARM64
		{EBFBC553-D98D-48EC-8B55-9B63DD7A5734}.Ad-Hoc|iPhone.ActiveCfg = Release|x64
		{EBFBC553-D98D-48EC-8B55-9B63DD7A5734}.Ad-Hoc|iPhone.Build.0 = Release|x64
		{EBFBC553-D98D-48EC-8B55-9B63DD7A5734}.Ad-Hoc|iPhone.Deploy.0 = Release|x64
		{EBFBC553-D98D-48EC-8B55-9B63DD7A5734}.Ad-Hoc|iPhoneSimulator.ActiveCfg = Release|x64
		{EBFBC553-D98D-48EC-8B55-9B63DD7A5734}.Ad-Hoc|iPhoneSimulator.Build.0 = Release|x64
		{EBFBC553-D98D-48EC-8B55-9B63DD7A5734}.Ad-Hoc|iPhoneSimulator.Deploy.0 = Release|x64
		{EBFBC553-D98D-48EC-8B55-9B63DD7A5734}.Ad-Hoc|x64.ActiveCfg = Release|x64
		{EBFBC553-D98D-48EC-8B55-9B63DD7A5734}.Ad-Hoc|x64.Build.0 = Release|x64
		{EBFBC553-D98D-48EC-8B55-9B63DD7A5734}.Ad-Hoc|x64.Deploy.0 = Release|x64
		{EBFBC553-D98D-48EC-8B55-9B63DD7A5734}.Ad-Hoc|x86.ActiveCfg = Release|x86
		{EBFBC553-D98D-48EC-8B55-9B63DD7A5734}.Ad-Hoc|x86.Build.0 = Release|x86
		{EBFBC553-D98D-48EC-8B55-9B63DD7A5734}.Ad-Hoc|x86.Deploy.0 = Release|x86
		{EBFBC553-D98D-48EC-8B55-9B63DD7A5734}.AppStore|Any CPU.ActiveCfg = Release|x64
		{EBFBC553-D98D-48EC-8B55-9B63DD7A5734}.AppStore|Any CPU.Build.0 = Release|x64
		{EBFBC553-D98D-48EC-8B55-9B63DD7A5734}.AppStore|Any CPU.Deploy.0 = Release|x64
		{EBFBC553-D98D-48EC-8B55-9B63DD7A5734}.AppStore|ARM.ActiveCfg = Release|ARM
		{EBFBC553-D98D-48EC-8B55-9B63DD7A5734}.AppStore|ARM.Build.0 = Release|ARM
		{EBFBC553-D98D-48EC-8B55-9B63DD7A5734}.AppStore|ARM.Deploy.0 = Release|ARM
		{EBFBC553-D98D-48EC-8B55-9B63DD7A5734}.AppStore|ARM64.ActiveCfg = Release|ARM64
		{EBFBC553-D98D-48EC-8B55-9B63DD7A5734}.AppStore|ARM64.Build.0 = Release|ARM64
		{EBFBC553-D98D-48EC-8B55-9B63DD7A5734}.AppStore|ARM64.Deploy.0 = Release|ARM64
		{EBFBC553-D98D-48EC-8B55-9B63DD7A5734}.AppStore|iPhone.ActiveCfg = Release|x64
		{EBFBC553-D98D-48EC-8B55-9B63DD7A5734}.AppStore|iPhone.Build.0 = Release|x64
		{EBFBC553-D98D-48EC-8B55-9B63DD7A5734}.AppStore|iPhone.Deploy.0 = Release|x64
		{EBFBC553-D98D-48EC-8B55-9B63DD7A5734}.AppStore|iPhoneSimulator.ActiveCfg = Release|x64
		{EBFBC553-D98D-48EC-8B55-9B63DD7A5734}.AppStore|iPhoneSimulator.Build.0 = Release|x64
		{EBFBC553-D98D-48EC-8B55-9B63DD7A5734}.AppStore|iPhoneSimulator.Deploy.0 = Release|x64
		{EBFBC553-D98D-48EC-8B55-9B63DD7A5734}.AppStore|x64.ActiveCfg = Release|x64
		{EBFBC553-D98D-48EC-8B55-9B63DD7A5734}.AppStore|x64.Build.0 = Release|x64
		{EBFBC553-D98D-48EC-8B55-9B63DD7A5734}.AppStore|x64.Deploy.0 = Release|x64
		{EBFBC553-D98D-48EC-8B55-9B63DD7A5734}.AppStore|x86.ActiveCfg = Release|x86
		{EBFBC553-D98D-48EC-8B55-9B63DD7A5734}.AppStore|x86.Build.0 = Release|x86
		{EBFBC553-D98D-48EC-8B55-9B63DD7A5734}.AppStore|x86.Deploy.0 = Release|x86
		{EBFBC553-D98D-48EC-8B55-9B63DD7A5734}.Debug|Any CPU.ActiveCfg = Debug|x86
		{EBFBC553-D98D-48EC-8B55-9B63DD7A5734}.Debug|ARM.ActiveCfg = Debug|ARM
		{EBFBC553-D98D-48EC-8B55-9B63DD7A5734}.Debug|ARM.Build.0 = Debug|ARM
		{EBFBC553-D98D-48EC-8B55-9B63DD7A5734}.Debug|ARM.Deploy.0 = Debug|ARM
		{EBFBC553-D98D-48EC-8B55-9B63DD7A5734}.Debug|ARM64.ActiveCfg = Debug|ARM64
		{EBFBC553-D98D-48EC-8B55-9B63DD7A5734}.Debug|ARM64.Build.0 = Debug|ARM64
		{EBFBC553-D98D-48EC-8B55-9B63DD7A5734}.Debug|ARM64.Deploy.0 = Debug|ARM64
		{EBFBC553-D98D-48EC-8B55-9B63DD7A5734}.Debug|iPhone.ActiveCfg = Debug|x86
		{EBFBC553-D98D-48EC-8B55-9B63DD7A5734}.Debug|iPhoneSimulator.ActiveCfg = Debug|x86
		{EBFBC553-D98D-48EC-8B55-9B63DD7A5734}.Debug|x64.ActiveCfg = Debug|x64
		{EBFBC553-D98D-48EC-8B55-9B63DD7A5734}.Debug|x64.Build.0 = Debug|x64
		{EBFBC553-D98D-48EC-8B55-9B63DD7A5734}.Debug|x64.Deploy.0 = Debug|x64
		{EBFBC553-D98D-48EC-8B55-9B63DD7A5734}.Debug|x86.ActiveCfg = Debug|x86
		{EBFBC553-D98D-48EC-8B55-9B63DD7A5734}.Debug|x86.Build.0 = Debug|x86
		{EBFBC553-D98D-48EC-8B55-9B63DD7A5734}.Debug|x86.Deploy.0 = Debug|x86
		{EBFBC553-D98D-48EC-8B55-9B63DD7A5734}.Release|Any CPU.ActiveCfg = Release|x86
		{EBFBC553-D98D-48EC-8B55-9B63DD7A5734}.Release|ARM.ActiveCfg = Release|ARM
		{EBFBC553-D98D-48EC-8B55-9B63DD7A5734}.Release|ARM.Build.0 = Release|ARM
		{EBFBC553-D98D-48EC-8B55-9B63DD7A5734}.Release|ARM.Deploy.0 = Release|ARM
		{EBFBC553-D98D-48EC-8B55-9B63DD7A5734}.Release|ARM64.ActiveCfg = Release|ARM64
		{EBFBC553-D98D-48EC-8B55-9B63DD7A5734}.Release|ARM64.Build.0 = Release|ARM64
		{EBFBC553-D98D-48EC-8B55-9B63DD7A5734}.Release|ARM64.Deploy.0 = Release|ARM64
		{EBFBC553-D98D-48EC-8B55-9B63DD7A5734}.Release|iPhone.ActiveCfg = Release|x86
		{EBFBC553-D98D-48EC-8B55-9B63DD7A5734}.Release|iPhoneSimulator.ActiveCfg = Release|x86
		{EBFBC553-D98D-48EC-8B55-9B63DD7A5734}.Release|x64.ActiveCfg = Release|x64
		{EBFBC553-D98D-48EC-8B55-9B63DD7A5734}.Release|x64.Build.0 = Release|x64
		{EBFBC553-D98D-48EC-8B55-9B63DD7A5734}.Release|x64.Deploy.0 = Release|x64
		{EBFBC553-D98D-48EC-8B55-9B63DD7A5734}.Release|x86.ActiveCfg = Release|x86
		{EBFBC553-D98D-48EC-8B55-9B63DD7A5734}.Release|x86.Build.0 = Release|x86
		{EBFBC553-D98D-48EC-8B55-9B63DD7A5734}.Release|x86.Deploy.0 = Release|x86
	EndGlobalSection
	GlobalSection(SolutionProperties) = preSolution
		HideSolutionNode = FALSE
	EndGlobalSection
	GlobalSection(ExtensibilityGlobals) = postSolution
		SolutionGuid = {F6D05029-56B8-4E45-AF2D-0E76295DDBA2}
	EndGlobalSection
EndGlobal
